// !$*UTF8*$!
{
	archiveVersion = 1;
	classes = {
	};
	objectVersion = 56;
	objects = {

/* Begin PBXBuildFile section */
		7A863A442B816765006C669D /* KalamniApp.swift in Sources */ = {isa = PBXBuildFile; fileRef = 7A863A432B816765006C669D /* KalamniApp.swift */; };
		7A863A462B816765006C669D /* MainView.swift in Sources */ = {isa = PBXBuildFile; fileRef = 7A863A452B816765006C669D /* MainView.swift */; };
		7A863A482B816768006C669D /* Assets.xcassets in Resources */ = {isa = PBXBuildFile; fileRef = 7A863A472B816768006C669D /* Assets.xcassets */; };
		7A863A4B2B816768006C669D /* Preview Assets.xcassets in Resources */ = {isa = PBXBuildFile; fileRef = 7A863A4A2B816768006C669D /* Preview Assets.xcassets */; };
		7A863A562B8168C8006C669D /* MainViewViewModel.swift in Sources */ = {isa = PBXBuildFile; fileRef = 7A863A552B8168C8006C669D /* MainViewViewModel.swift */; };
		7A863A582B816938006C669D /* Extensions.swift in Sources */ = {isa = PBXBuildFile; fileRef = 7A863A572B816938006C669D /* Extensions.swift */; };
		7A863A5B2B816B96006C669D /* FirebaseAuth in Frameworks */ = {isa = PBXBuildFile; productRef = 7A863A5A2B816B96006C669D /* FirebaseAuth */; };
		7A863A5D2B816B96006C669D /* FirebaseFirestore in Frameworks */ = {isa = PBXBuildFile; productRef = 7A863A5C2B816B96006C669D /* FirebaseFirestore */; };
		7A863A5F2B816B96006C669D /* FirebaseFirestoreSwift in Frameworks */ = {isa = PBXBuildFile; productRef = 7A863A5E2B816B96006C669D /* FirebaseFirestoreSwift */; };
		7AC6318E2B96D28C003E5366 /* GoogleService-Info.plist in Resources */ = {isa = PBXBuildFile; fileRef = 7AC6318D2B96D28C003E5366 /* GoogleService-Info.plist */; };
		7AF50A1D2B86755000AC7793 /* User.swift in Sources */ = {isa = PBXBuildFile; fileRef = 7AF50A1C2B86755000AC7793 /* User.swift */; };
		7AF50A1F2B86759F00AC7793 /* Message.swift in Sources */ = {isa = PBXBuildFile; fileRef = 7AF50A1E2B86759F00AC7793 /* Message.swift */; };
		7AF50A212B86766700AC7793 /* SoundboardItem.swift in Sources */ = {isa = PBXBuildFile; fileRef = 7AF50A202B86766700AC7793 /* SoundboardItem.swift */; };
		7AF50A232B86798700AC7793 /* LoginView.swift in Sources */ = {isa = PBXBuildFile; fileRef = 7AF50A222B86798700AC7793 /* LoginView.swift */; };
		7AF50A252B8679B100AC7793 /* TLButton.swift in Sources */ = {isa = PBXBuildFile; fileRef = 7AF50A242B8679B100AC7793 /* TLButton.swift */; };
		7AF50A272B8679EB00AC7793 /* HeaderView.swift in Sources */ = {isa = PBXBuildFile; fileRef = 7AF50A262B8679EB00AC7793 /* HeaderView.swift */; };
		7AF50A292B867A1D00AC7793 /* RegisterView.swift in Sources */ = {isa = PBXBuildFile; fileRef = 7AF50A282B867A1D00AC7793 /* RegisterView.swift */; };
		7AF50A2B2B867A4600AC7793 /* RegisterViewViewModel.swift in Sources */ = {isa = PBXBuildFile; fileRef = 7AF50A2A2B867A4600AC7793 /* RegisterViewViewModel.swift */; };
		7AF50A2D2B867A5400AC7793 /* LoginViewViewModel.swift in Sources */ = {isa = PBXBuildFile; fileRef = 7AF50A2C2B867A5400AC7793 /* LoginViewViewModel.swift */; };
		7AF50A2F2B867BC000AC7793 /* SoundboardView.swift in Sources */ = {isa = PBXBuildFile; fileRef = 7AF50A2E2B867BC000AC7793 /* SoundboardView.swift */; };
		7AF50A312B867BDF00AC7793 /* SoundboardViewViewModel.swift in Sources */ = {isa = PBXBuildFile; fileRef = 7AF50A302B867BDE00AC7793 /* SoundboardViewViewModel.swift */; };
		7AF50A332B867EB700AC7793 /* ProfileView.swift in Sources */ = {isa = PBXBuildFile; fileRef = 7AF50A322B867EB700AC7793 /* ProfileView.swift */; };
		7AF50A352B867ED100AC7793 /* ProfileViewViewModel.swift in Sources */ = {isa = PBXBuildFile; fileRef = 7AF50A342B867ED100AC7793 /* ProfileViewViewModel.swift */; };
		7AF50A372B86849600AC7793 /* MessageView.swift in Sources */ = {isa = PBXBuildFile; fileRef = 7AF50A362B86849600AC7793 /* MessageView.swift */; };
		7AF50A392B8684A800AC7793 /* MessageViewViewModel.swift in Sources */ = {isa = PBXBuildFile; fileRef = 7AF50A382B8684A800AC7793 /* MessageViewViewModel.swift */; };
		7AF50A3D2B86873900AC7793 /* SoundboardItemView.swift in Sources */ = {isa = PBXBuildFile; fileRef = 7AF50A3C2B86873900AC7793 /* SoundboardItemView.swift */; };
		7AF50A3F2B86874F00AC7793 /* SoundboardItemViewViewModel.swift in Sources */ = {isa = PBXBuildFile; fileRef = 7AF50A3E2B86874F00AC7793 /* SoundboardItemViewViewModel.swift */; };
/* End PBXBuildFile section */

/* Begin PBXFileReference section */
		7A863A402B816765006C669D /* Kalamni.app */ = {isa = PBXFileReference; explicitFileType = wrapper.application; includeInIndex = 0; path = Kalamni.app; sourceTree = BUILT_PRODUCTS_DIR; };
		7A863A432B816765006C669D /* KalamniApp.swift */ = {isa = PBXFileReference; lastKnownFileType = sourcecode.swift; path = KalamniApp.swift; sourceTree = "<group>"; };
		7A863A452B816765006C669D /* MainView.swift */ = {isa = PBXFileReference; lastKnownFileType = sourcecode.swift; path = MainView.swift; sourceTree = "<group>"; };
		7A863A472B816768006C669D /* Assets.xcassets */ = {isa = PBXFileReference; lastKnownFileType = folder.assetcatalog; path = Assets.xcassets; sourceTree = "<group>"; };
		7A863A4A2B816768006C669D /* Preview Assets.xcassets */ = {isa = PBXFileReference; lastKnownFileType = folder.assetcatalog; path = "Preview Assets.xcassets"; sourceTree = "<group>"; };
		7A863A552B8168C8006C669D /* MainViewViewModel.swift */ = {isa = PBXFileReference; lastKnownFileType = sourcecode.swift; path = MainViewViewModel.swift; sourceTree = "<group>"; };
		7A863A572B816938006C669D /* Extensions.swift */ = {isa = PBXFileReference; lastKnownFileType = sourcecode.swift; path = Extensions.swift; sourceTree = "<group>"; };
		7AC6318D2B96D28C003E5366 /* GoogleService-Info.plist */ = {isa = PBXFileReference; fileEncoding = 4; lastKnownFileType = text.plist.xml; path = "GoogleService-Info.plist"; sourceTree = "<group>"; };
		7AF50A1C2B86755000AC7793 /* User.swift */ = {isa = PBXFileReference; lastKnownFileType = sourcecode.swift; path = User.swift; sourceTree = "<group>"; };
		7AF50A1E2B86759F00AC7793 /* Message.swift */ = {isa = PBXFileReference; lastKnownFileType = sourcecode.swift; path = Message.swift; sourceTree = "<group>"; };
		7AF50A202B86766700AC7793 /* SoundboardItem.swift */ = {isa = PBXFileReference; lastKnownFileType = sourcecode.swift; path = SoundboardItem.swift; sourceTree = "<group>"; };
		7AF50A222B86798700AC7793 /* LoginView.swift */ = {isa = PBXFileReference; lastKnownFileType = sourcecode.swift; path = LoginView.swift; sourceTree = "<group>"; };
		7AF50A242B8679B100AC7793 /* TLButton.swift */ = {isa = PBXFileReference; lastKnownFileType = sourcecode.swift; path = TLButton.swift; sourceTree = "<group>"; };
		7AF50A262B8679EB00AC7793 /* HeaderView.swift */ = {isa = PBXFileReference; lastKnownFileType = sourcecode.swift; path = HeaderView.swift; sourceTree = "<group>"; };
		7AF50A282B867A1D00AC7793 /* RegisterView.swift */ = {isa = PBXFileReference; lastKnownFileType = sourcecode.swift; path = RegisterView.swift; sourceTree = "<group>"; };
		7AF50A2A2B867A4600AC7793 /* RegisterViewViewModel.swift */ = {isa = PBXFileReference; lastKnownFileType = sourcecode.swift; path = RegisterViewViewModel.swift; sourceTree = "<group>"; };
		7AF50A2C2B867A5400AC7793 /* LoginViewViewModel.swift */ = {isa = PBXFileReference; lastKnownFileType = sourcecode.swift; path = LoginViewViewModel.swift; sourceTree = "<group>"; };
		7AF50A2E2B867BC000AC7793 /* SoundboardView.swift */ = {isa = PBXFileReference; lastKnownFileType = sourcecode.swift; path = SoundboardView.swift; sourceTree = "<group>"; };
		7AF50A302B867BDE00AC7793 /* SoundboardViewViewModel.swift */ = {isa = PBXFileReference; lastKnownFileType = sourcecode.swift; path = SoundboardViewViewModel.swift; sourceTree = "<group>"; };
		7AF50A322B867EB700AC7793 /* ProfileView.swift */ = {isa = PBXFileReference; lastKnownFileType = sourcecode.swift; path = ProfileView.swift; sourceTree = "<group>"; };
		7AF50A342B867ED100AC7793 /* ProfileViewViewModel.swift */ = {isa = PBXFileReference; lastKnownFileType = sourcecode.swift; path = ProfileViewViewModel.swift; sourceTree = "<group>"; };
		7AF50A362B86849600AC7793 /* MessageView.swift */ = {isa = PBXFileReference; lastKnownFileType = sourcecode.swift; path = MessageView.swift; sourceTree = "<group>"; };
		7AF50A382B8684A800AC7793 /* MessageViewViewModel.swift */ = {isa = PBXFileReference; lastKnownFileType = sourcecode.swift; path = MessageViewViewModel.swift; sourceTree = "<group>"; };
		7AF50A3C2B86873900AC7793 /* SoundboardItemView.swift */ = {isa = PBXFileReference; lastKnownFileType = sourcecode.swift; path = SoundboardItemView.swift; sourceTree = "<group>"; };
		7AF50A3E2B86874F00AC7793 /* SoundboardItemViewViewModel.swift */ = {isa = PBXFileReference; lastKnownFileType = sourcecode.swift; path = SoundboardItemViewViewModel.swift; sourceTree = "<group>"; };
/* End PBXFileReference section */

/* Begin PBXFrameworksBuildPhase section */
		7A863A3D2B816765006C669D /* Frameworks */ = {
			isa = PBXFrameworksBuildPhase;
			buildActionMask = 2147483647;
			files = (
				7A863A5B2B816B96006C669D /* FirebaseAuth in Frameworks */,
				7A863A5D2B816B96006C669D /* FirebaseFirestore in Frameworks */,
				7A863A5F2B816B96006C669D /* FirebaseFirestoreSwift in Frameworks */,
			);
			runOnlyForDeploymentPostprocessing = 0;
		};
/* End PBXFrameworksBuildPhase section */

/* Begin PBXGroup section */
		7A863A372B816765006C669D = {
			isa = PBXGroup;
			children = (
				7A863A422B816765006C669D /* Kalamni */,
				7A863A412B816765006C669D /* Products */,
			);
			sourceTree = "<group>";
		};
		7A863A412B816765006C669D /* Products */ = {
			isa = PBXGroup;
			children = (
				7A863A402B816765006C669D /* Kalamni.app */,
			);
			name = Products;
			sourceTree = "<group>";
		};
		7A863A422B816765006C669D /* Kalamni */ = {
			isa = PBXGroup;
			children = (
				7A863A512B81681C006C669D /* Other */,
				7A863A522B81683B006C669D /* Models */,
				7A863A542B816897006C669D /* ViewModels */,
				7A863A532B81685B006C669D /* Views */,
				7A863A492B816768006C669D /* Preview Content */,
			);
			path = Kalamni;
			sourceTree = "<group>";
		};
		7A863A492B816768006C669D /* Preview Content */ = {
			isa = PBXGroup;
			children = (
				7A863A4A2B816768006C669D /* Preview Assets.xcassets */,
			);
			path = "Preview Content";
			sourceTree = "<group>";
		};
		7A863A512B81681C006C669D /* Other */ = {
			isa = PBXGroup;
			children = (
				7A863A472B816768006C669D /* Assets.xcassets */,
				7AC6318D2B96D28C003E5366 /* GoogleService-Info.plist */,
				7A863A432B816765006C669D /* KalamniApp.swift */,
				7A863A572B816938006C669D /* Extensions.swift */,
			);
			path = Other;
			sourceTree = "<group>";
		};
		7A863A522B81683B006C669D /* Models */ = {
			isa = PBXGroup;
			children = (
				7AF50A1C2B86755000AC7793 /* User.swift */,
				7AF50A1E2B86759F00AC7793 /* Message.swift */,
				7AF50A202B86766700AC7793 /* SoundboardItem.swift */,
			);
			path = Models;
			sourceTree = "<group>";
		};
		7A863A532B81685B006C669D /* Views */ = {
			isa = PBXGroup;
			children = (
				7A863A452B816765006C669D /* MainView.swift */,
				7AF50A222B86798700AC7793 /* LoginView.swift */,
				7AF50A282B867A1D00AC7793 /* RegisterView.swift */,
				7AF50A2E2B867BC000AC7793 /* SoundboardView.swift */,
				7AF50A362B86849600AC7793 /* MessageView.swift */,
				7AF50A322B867EB700AC7793 /* ProfileView.swift */,
				7AF50A3C2B86873900AC7793 /* SoundboardItemView.swift */,
				7AF50A262B8679EB00AC7793 /* HeaderView.swift */,
				7AF50A242B8679B100AC7793 /* TLButton.swift */,
			);
			path = Views;
			sourceTree = "<group>";
		};
		7A863A542B816897006C669D /* ViewModels */ = {
			isa = PBXGroup;
			children = (
				7A863A552B8168C8006C669D /* MainViewViewModel.swift */,
				7AF50A2C2B867A5400AC7793 /* LoginViewViewModel.swift */,
				7AF50A2A2B867A4600AC7793 /* RegisterViewViewModel.swift */,
				7AF50A302B867BDE00AC7793 /* SoundboardViewViewModel.swift */,
				7AF50A382B8684A800AC7793 /* MessageViewViewModel.swift */,
				7AF50A342B867ED100AC7793 /* ProfileViewViewModel.swift */,
				7AF50A3E2B86874F00AC7793 /* SoundboardItemViewViewModel.swift */,
			);
			path = ViewModels;
			sourceTree = "<group>";
		};
/* End PBXGroup section */

/* Begin PBXNativeTarget section */
		7A863A3F2B816765006C669D /* Kalamni */ = {
			isa = PBXNativeTarget;
			buildConfigurationList = 7A863A4E2B816768006C669D /* Build configuration list for PBXNativeTarget "Kalamni" */;
			buildPhases = (
				7A863A3C2B816765006C669D /* Sources */,
				7A863A3D2B816765006C669D /* Frameworks */,
				7A863A3E2B816765006C669D /* Resources */,
			);
			buildRules = (
			);
			dependencies = (
			);
			name = Kalamni;
			packageProductDependencies = (
				7A863A5A2B816B96006C669D /* FirebaseAuth */,
				7A863A5C2B816B96006C669D /* FirebaseFirestore */,
				7A863A5E2B816B96006C669D /* FirebaseFirestoreSwift */,
			);
			productName = Kalamni;
			productReference = 7A863A402B816765006C669D /* Kalamni.app */;
			productType = "com.apple.product-type.application";
		};
/* End PBXNativeTarget section */

/* Begin PBXProject section */
		7A863A382B816765006C669D /* Project object */ = {
			isa = PBXProject;
			attributes = {
				BuildIndependentTargetsInParallel = 1;
				LastSwiftUpdateCheck = 1520;
				LastUpgradeCheck = 1520;
				TargetAttributes = {
					7A863A3F2B816765006C669D = {
						CreatedOnToolsVersion = 15.2;
					};
				};
			};
			buildConfigurationList = 7A863A3B2B816765006C669D /* Build configuration list for PBXProject "Kalamni" */;
			compatibilityVersion = "Xcode 14.0";
			developmentRegion = en;
			hasScannedForEncodings = 0;
			knownRegions = (
				en,
				Base,
			);
			mainGroup = 7A863A372B816765006C669D;
			packageReferences = (
				7A863A592B816B96006C669D /* XCRemoteSwiftPackageReference "firebase-ios-sdk" */,
			);
			productRefGroup = 7A863A412B816765006C669D /* Products */;
			projectDirPath = "";
			projectRoot = "";
			targets = (
				7A863A3F2B816765006C669D /* Kalamni */,
			);
		};
/* End PBXProject section */

/* Begin PBXResourcesBuildPhase section */
		7A863A3E2B816765006C669D /* Resources */ = {
			isa = PBXResourcesBuildPhase;
			buildActionMask = 2147483647;
			files = (
				7A863A4B2B816768006C669D /* Preview Assets.xcassets in Resources */,
				7A863A482B816768006C669D /* Assets.xcassets in Resources */,
				7AC6318E2B96D28C003E5366 /* GoogleService-Info.plist in Resources */,
			);
			runOnlyForDeploymentPostprocessing = 0;
		};
/* End PBXResourcesBuildPhase section */

/* Begin PBXSourcesBuildPhase section */
		7A863A3C2B816765006C669D /* Sources */ = {
			isa = PBXSourcesBuildPhase;
			buildActionMask = 2147483647;
			files = (
				7AF50A392B8684A800AC7793 /* MessageViewViewModel.swift in Sources */,
				7AF50A312B867BDF00AC7793 /* SoundboardViewViewModel.swift in Sources */,
				7AF50A292B867A1D00AC7793 /* RegisterView.swift in Sources */,
				7A863A462B816765006C669D /* MainView.swift in Sources */,
				7AF50A2B2B867A4600AC7793 /* RegisterViewViewModel.swift in Sources */,
				7AF50A2F2B867BC000AC7793 /* SoundboardView.swift in Sources */,
				7AF50A252B8679B100AC7793 /* TLButton.swift in Sources */,
				7A863A442B816765006C669D /* KalamniApp.swift in Sources */,
				7A863A562B8168C8006C669D /* MainViewViewModel.swift in Sources */,
				7AF50A332B867EB700AC7793 /* ProfileView.swift in Sources */,
				7AF50A2D2B867A5400AC7793 /* LoginViewViewModel.swift in Sources */,
				7AF50A1F2B86759F00AC7793 /* Message.swift in Sources */,
				7AF50A272B8679EB00AC7793 /* HeaderView.swift in Sources */,
				7AF50A372B86849600AC7793 /* MessageView.swift in Sources */,
				7AF50A3D2B86873900AC7793 /* SoundboardItemView.swift in Sources */,
				7AF50A1D2B86755000AC7793 /* User.swift in Sources */,
				7A863A582B816938006C669D /* Extensions.swift in Sources */,
				7AF50A3F2B86874F00AC7793 /* SoundboardItemViewViewModel.swift in Sources */,
				7AF50A352B867ED100AC7793 /* ProfileViewViewModel.swift in Sources */,
				7AF50A232B86798700AC7793 /* LoginView.swift in Sources */,
				7AF50A212B86766700AC7793 /* SoundboardItem.swift in Sources */,
			);
			runOnlyForDeploymentPostprocessing = 0;
		};
/* End PBXSourcesBuildPhase section */

/* Begin XCBuildConfiguration section */
		7A863A4C2B816768006C669D /* Debug */ = {
			isa = XCBuildConfiguration;
			buildSettings = {
				ALWAYS_SEARCH_USER_PATHS = NO;
				ASSETCATALOG_COMPILER_GENERATE_SWIFT_ASSET_SYMBOL_EXTENSIONS = YES;
				CLANG_ANALYZER_NONNULL = YES;
				CLANG_ANALYZER_NUMBER_OBJECT_CONVERSION = YES_AGGRESSIVE;
				CLANG_CXX_LANGUAGE_STANDARD = "gnu++20";
				CLANG_ENABLE_MODULES = YES;
				CLANG_ENABLE_OBJC_ARC = YES;
				CLANG_ENABLE_OBJC_WEAK = YES;
				CLANG_WARN_BLOCK_CAPTURE_AUTORELEASING = YES;
				CLANG_WARN_BOOL_CONVERSION = YES;
				CLANG_WARN_COMMA = YES;
				CLANG_WARN_CONSTANT_CONVERSION = YES;
				CLANG_WARN_DEPRECATED_OBJC_IMPLEMENTATIONS = YES;
				CLANG_WARN_DIRECT_OBJC_ISA_USAGE = YES_ERROR;
				CLANG_WARN_DOCUMENTATION_COMMENTS = YES;
				CLANG_WARN_EMPTY_BODY = YES;
				CLANG_WARN_ENUM_CONVERSION = YES;
				CLANG_WARN_INFINITE_RECURSION = YES;
				CLANG_WARN_INT_CONVERSION = YES;
				CLANG_WARN_NON_LITERAL_NULL_CONVERSION = YES;
				CLANG_WARN_OBJC_IMPLICIT_RETAIN_SELF = YES;
				CLANG_WARN_OBJC_LITERAL_CONVERSION = YES;
				CLANG_WARN_OBJC_ROOT_CLASS = YES_ERROR;
				CLANG_WARN_QUOTED_INCLUDE_IN_FRAMEWORK_HEADER = YES;
				CLANG_WARN_RANGE_LOOP_ANALYSIS = YES;
				CLANG_WARN_STRICT_PROTOTYPES = YES;
				CLANG_WARN_SUSPICIOUS_MOVE = YES;
				CLANG_WARN_UNGUARDED_AVAILABILITY = YES_AGGRESSIVE;
				CLANG_WARN_UNREACHABLE_CODE = YES;
				CLANG_WARN__DUPLICATE_METHOD_MATCH = YES;
				COPY_PHASE_STRIP = NO;
				DEBUG_INFORMATION_FORMAT = dwarf;
				ENABLE_STRICT_OBJC_MSGSEND = YES;
				ENABLE_TESTABILITY = YES;
				ENABLE_USER_SCRIPT_SANDBOXING = YES;
				GCC_C_LANGUAGE_STANDARD = gnu17;
				GCC_DYNAMIC_NO_PIC = NO;
				GCC_NO_COMMON_BLOCKS = YES;
				GCC_OPTIMIZATION_LEVEL = 0;
				GCC_PREPROCESSOR_DEFINITIONS = (
					"DEBUG=1",
					"$(inherited)",
				);
				GCC_WARN_64_TO_32_BIT_CONVERSION = YES;
				GCC_WARN_ABOUT_RETURN_TYPE = YES_ERROR;
				GCC_WARN_UNDECLARED_SELECTOR = YES;
				GCC_WARN_UNINITIALIZED_AUTOS = YES_AGGRESSIVE;
				GCC_WARN_UNUSED_FUNCTION = YES;
				GCC_WARN_UNUSED_VARIABLE = YES;
				IPHONEOS_DEPLOYMENT_TARGET = 17.2;
				LOCALIZATION_PREFERS_STRING_CATALOGS = YES;
				MTL_ENABLE_DEBUG_INFO = INCLUDE_SOURCE;
				MTL_FAST_MATH = YES;
				ONLY_ACTIVE_ARCH = YES;
				SDKROOT = iphoneos;
				SWIFT_ACTIVE_COMPILATION_CONDITIONS = "DEBUG $(inherited)";
				SWIFT_OPTIMIZATION_LEVEL = "-Onone";
			};
			name = Debug;
		};
		7A863A4D2B816768006C669D /* Release */ = {
			isa = XCBuildConfiguration;
			buildSettings = {
				ALWAYS_SEARCH_USER_PATHS = NO;
				ASSETCATALOG_COMPILER_GENERATE_SWIFT_ASSET_SYMBOL_EXTENSIONS = YES;
				CLANG_ANALYZER_NONNULL = YES;
				CLANG_ANALYZER_NUMBER_OBJECT_CONVERSION = YES_AGGRESSIVE;
				CLANG_CXX_LANGUAGE_STANDARD = "gnu++20";
				CLANG_ENABLE_MODULES = YES;
				CLANG_ENABLE_OBJC_ARC = YES;
				CLANG_ENABLE_OBJC_WEAK = YES;
				CLANG_WARN_BLOCK_CAPTURE_AUTORELEASING = YES;
				CLANG_WARN_BOOL_CONVERSION = YES;
				CLANG_WARN_COMMA = YES;
				CLANG_WARN_CONSTANT_CONVERSION = YES;
				CLANG_WARN_DEPRECATED_OBJC_IMPLEMENTATIONS = YES;
				CLANG_WARN_DIRECT_OBJC_ISA_USAGE = YES_ERROR;
				CLANG_WARN_DOCUMENTATION_COMMENTS = YES;
				CLANG_WARN_EMPTY_BODY = YES;
				CLANG_WARN_ENUM_CONVERSION = YES;
				CLANG_WARN_INFINITE_RECURSION = YES;
				CLANG_WARN_INT_CONVERSION = YES;
				CLANG_WARN_NON_LITERAL_NULL_CONVERSION = YES;
				CLANG_WARN_OBJC_IMPLICIT_RETAIN_SELF = YES;
				CLANG_WARN_OBJC_LITERAL_CONVERSION = YES;
				CLANG_WARN_OBJC_ROOT_CLASS = YES_ERROR;
				CLANG_WARN_QUOTED_INCLUDE_IN_FRAMEWORK_HEADER = YES;
				CLANG_WARN_RANGE_LOOP_ANALYSIS = YES;
				CLANG_WARN_STRICT_PROTOTYPES = YES;
				CLANG_WARN_SUSPICIOUS_MOVE = YES;
				CLANG_WARN_UNGUARDED_AVAILABILITY = YES_AGGRESSIVE;
				CLANG_WARN_UNREACHABLE_CODE = YES;
				CLANG_WARN__DUPLICATE_METHOD_MATCH = YES;
				COPY_PHASE_STRIP = NO;
				DEBUG_INFORMATION_FORMAT = "dwarf-with-dsym";
				ENABLE_NS_ASSERTIONS = NO;
				ENABLE_STRICT_OBJC_MSGSEND = YES;
				ENABLE_USER_SCRIPT_SANDBOXING = YES;
				GCC_C_LANGUAGE_STANDARD = gnu17;
				GCC_NO_COMMON_BLOCKS = YES;
				GCC_WARN_64_TO_32_BIT_CONVERSION = YES;
				GCC_WARN_ABOUT_RETURN_TYPE = YES_ERROR;
				GCC_WARN_UNDECLARED_SELECTOR = YES;
				GCC_WARN_UNINITIALIZED_AUTOS = YES_AGGRESSIVE;
				GCC_WARN_UNUSED_FUNCTION = YES;
				GCC_WARN_UNUSED_VARIABLE = YES;
				IPHONEOS_DEPLOYMENT_TARGET = 17.2;
				LOCALIZATION_PREFERS_STRING_CATALOGS = YES;
				MTL_ENABLE_DEBUG_INFO = NO;
				MTL_FAST_MATH = YES;
				SDKROOT = iphoneos;
				SWIFT_COMPILATION_MODE = wholemodule;
				VALIDATE_PRODUCT = YES;
			};
			name = Release;
		};
		7A863A4F2B816768006C669D /* Debug */ = {
			isa = XCBuildConfiguration;
			buildSettings = {
				ASSETCATALOG_COMPILER_APPICON_NAME = AppIcon;
				ASSETCATALOG_COMPILER_GLOBAL_ACCENT_COLOR_NAME = AccentColor;
				CODE_SIGN_STYLE = Automatic;
				CURRENT_PROJECT_VERSION = 1;
				DEVELOPMENT_ASSET_PATHS = "\"Kalamni/Preview Content\"";
				ENABLE_PREVIEWS = YES;
				GENERATE_INFOPLIST_FILE = YES;
				INFOPLIST_KEY_CFBundleDisplayName = Kalamni;
				INFOPLIST_KEY_UIApplicationSceneManifest_Generation = YES;
				INFOPLIST_KEY_UIApplicationSupportsIndirectInputEvents = YES;
				INFOPLIST_KEY_UILaunchScreen_Generation = YES;
				INFOPLIST_KEY_UISupportedInterfaceOrientations_iPad = "UIInterfaceOrientationPortrait UIInterfaceOrientationPortraitUpsideDown UIInterfaceOrientationLandscapeLeft UIInterfaceOrientationLandscapeRight";
				INFOPLIST_KEY_UISupportedInterfaceOrientations_iPhone = "UIInterfaceOrientationPortrait UIInterfaceOrientationLandscapeLeft UIInterfaceOrientationLandscapeRight";
				LD_RUNPATH_SEARCH_PATHS = (
					"$(inherited)",
					"@executable_path/Frameworks",
				);
				MARKETING_VERSION = 1.0;
				PRODUCT_BUNDLE_IDENTIFIER = com.Kalamni;
				PRODUCT_NAME = "$(TARGET_NAME)";
				SWIFT_EMIT_LOC_STRINGS = YES;
				SWIFT_VERSION = 5.0;
				TARGETED_DEVICE_FAMILY = "1,2";
			};
			name = Debug;
		};
		7A863A502B816768006C669D /* Release */ = {
			isa = XCBuildConfiguration;
			buildSettings = {
				ASSETCATALOG_COMPILER_APPICON_NAME = AppIcon;
				ASSETCATALOG_COMPILER_GLOBAL_ACCENT_COLOR_NAME = AccentColor;
				CODE_SIGN_STYLE = Automatic;
				CURRENT_PROJECT_VERSION = 1;
				DEVELOPMENT_ASSET_PATHS = "\"Kalamni/Preview Content\"";
				ENABLE_PREVIEWS = YES;
				GENERATE_INFOPLIST_FILE = YES;
				INFOPLIST_KEY_CFBundleDisplayName = Kalamni;
				INFOPLIST_KEY_UIApplicationSceneManifest_Generation = YES;
				INFOPLIST_KEY_UIApplicationSupportsIndirectInputEvents = YES;
				INFOPLIST_KEY_UILaunchScreen_Generation = YES;
				INFOPLIST_KEY_UISupportedInterfaceOrientations_iPad = "UIInterfaceOrientationPortrait UIInterfaceOrientationPortraitUpsideDown UIInterfaceOrientationLandscapeLeft UIInterfaceOrientationLandscapeRight";
				INFOPLIST_KEY_UISupportedInterfaceOrientations_iPhone = "UIInterfaceOrientationPortrait UIInterfaceOrientationLandscapeLeft UIInterfaceOrientationLandscapeRight";
				LD_RUNPATH_SEARCH_PATHS = (
					"$(inherited)",
					"@executable_path/Frameworks",
				);
				MARKETING_VERSION = 1.0;
				PRODUCT_BUNDLE_IDENTIFIER = com.Kalamni;
				PRODUCT_NAME = "$(TARGET_NAME)";
				SWIFT_EMIT_LOC_STRINGS = YES;
				SWIFT_VERSION = 5.0;
				TARGETED_DEVICE_FAMILY = "1,2";
			};
			name = Release;
		};
/* End XCBuildConfiguration section */

/* Begin XCConfigurationList section */
		7A863A3B2B816765006C669D /* Build configuration list for PBXProject "Kalamni" */ = {
			isa = XCConfigurationList;
			buildConfigurations = (
				7A863A4C2B816768006C669D /* Debug */,
				7A863A4D2B816768006C669D /* Release */,
			);
			defaultConfigurationIsVisible = 0;
			defaultConfigurationName = Release;
		};
		7A863A4E2B816768006C669D /* Build configuration list for PBXNativeTarget "Kalamni" */ = {
			isa = XCConfigurationList;
			buildConfigurations = (
				7A863A4F2B816768006C669D /* Debug */,
				7A863A502B816768006C669D /* Release */,
			);
			defaultConfigurationIsVisible = 0;
			defaultConfigurationName = Release;
		};
/* End XCConfigurationList section */

/* Begin XCRemoteSwiftPackageReference section */
		7A863A592B816B96006C669D /* XCRemoteSwiftPackageReference "firebase-ios-sdk" */ = {
			isa = XCRemoteSwiftPackageReference;
			repositoryURL = "https://github.com/firebase/firebase-ios-sdk";
			requirement = {
				kind = upToNextMajorVersion;
				minimumVersion = 10.21.0;
			};
		};
/* End XCRemoteSwiftPackageReference section */

/* Begin XCSwiftPackageProductDependency section */
		7A863A5A2B816B96006C669D /* FirebaseAuth */ = {
			isa = XCSwiftPackageProductDependency;
			package = 7A863A592B816B96006C669D /* XCRemoteSwiftPackageReference "firebase-ios-sdk" */;
			productName = FirebaseAuth;
		};
		7A863A5C2B816B96006C669D /* FirebaseFirestore */ = {
			isa = XCSwiftPackageProductDependency;
			package = 7A863A592B816B96006C669D /* XCRemoteSwiftPackageReference "firebase-ios-sdk" */;
			productName = FirebaseFirestore;
		};
		7A863A5E2B816B96006C669D /* FirebaseFirestoreSwift */ = {
			isa = XCSwiftPackageProductDependency;
			package = 7A863A592B816B96006C669D /* XCRemoteSwiftPackageReference "firebase-ios-sdk" */;
			productName = FirebaseFirestoreSwift;
		};
/* End XCSwiftPackageProductDependency section */
	};
	rootObject = 7A863A382B816765006C669D /* Project object */;
}
